
Microsoft Visual Studio Solution File, Format Version 12.00
# Visual Studio Version 16
VisualStudioVersion = 16.0.33529.622
MinimumVisualStudioVersion = 10.0.40219.1
Project("{FAE04EC0-301F-11D3-BF4B-00C04F79EFBC}") = "MediaTek86", "MediaTek86\MediaTek86.csproj", "{4D9F672B-3C62-44F8-885F-39ED7D8C2ABB}"
EndProject
Global
	GlobalSection(SolutionConfigurationPlatforms) = preSolution
		Debug|Any CPU = Debug|Any CPU
		Release|Any CPU = Release|Any CPU
	EndGlobalSection
	GlobalSection(ProjectConfigurationPlatforms) = postSolution
		{4D9F672B-3C62-44F8-885F-39ED7D8C2ABB}.Debug|Any CPU.ActiveCfg = Debug|Any CPU
		{4D9F672B-3C62-44F8-885F-39ED7D8C2ABB}.Debug|Any CPU.Build.0 = Debug|Any CPU
		{4D9F672B-3C62-44F8-885F-39ED7D8C2ABB}.Release|Any CPU.ActiveCfg = Release|Any CPU
		{4D9F672B-3C62-44F8-885F-39ED7D8C2ABB}.Release|Any CPU.Build.0 = Release|Any CPU
	EndGlobalSection
	GlobalSection(SolutionProperties) = preSolution
		HideSolutionNode = FALSE
	EndGlobalSection
	GlobalSection(ExtensibilityGlobals) = postSolution
		SolutionGuid = {1598C3BA-436F-4C5E-B831-1EC73CC3B03F}
	EndGlobalSection
EndGlobal
